Microsoft Visual Studio Solution File, Format Version 12.00
# Visual Studio Version 17
VisualStudioVersion = 17.0.31903.59
MinimumVisualStudioVersion = 10.0.40219.1
Project("{9A19103F-16F7-4668-BE54-9A1E7A4F7556}") = "MyBudget.Core", "MyBudget.Core\MyBudget.Core.csproj", "{AC8D9FED-019C-46A6-A356-114B1AA4F832}"
EndProject
Project("{9A19103F-16F7-4668-BE54-9A1E7A4F7556}") = "MyBudget.Data", "MyBudget.Data\MyBudget.Data.csproj", "{9F483125-E86C-4532-9D09-FB7BEC59B85D}"
EndProject
Project("{9A19103F-16F7-4668-BE54-9A1E7A4F7556}") = "MyBudget.App", "MyBudget.App\MyBudget.App.csproj", "{77751135-2326-4551-808B-6D3A802E6BA5}"
EndProject
Project("{9A19103F-16F7-4668-BE54-9A1E7A4F7556}") = "MyBudget.Tests", "MyBudget.Tests\MyBudget.Tests.csproj", "{C2914969-DF20-40D2-B551-E46EA1C4B4B2}"
EndProject
Global
	GlobalSection(SolutionConfigurationPlatforms) = preSolution
		Debug|Any CPU = Debug|Any CPU
		Release|Any CPU = Release|Any CPU
	EndGlobalSection
	GlobalSection(ProjectConfigurationPlatforms) = postSolution
		{AC8D9FED-019C-46A6-A356-114B1AA4F832}.Debug|Any CPU.ActiveCfg = Debug|Any CPU
		{AC8D9FED-019C-46A6-A356-114B1AA4F832}.Debug|Any CPU.Build.0 = Debug|Any CPU
		{AC8D9FED-019C-46A6-A356-114B1AA4F832}.Release|Any CPU.ActiveCfg = Release|Any CPU
		{AC8D9FED-019C-46A6-A356-114B1AA4F832}.Release|Any CPU.Build.0 = Release|Any CPU
		{9F483125-E86C-4532-9D09-FB7BEC59B85D}.Debug|Any CPU.ActiveCfg = Debug|Any CPU
		{9F483125-E86C-4532-9D09-FB7BEC59B85D}.Debug|Any CPU.Build.0 = Debug|Any CPU
		{9F483125-E86C-4532-9D09-FB7BEC59B85D}.Release|Any CPU.ActiveCfg = Release|Any CPU
		{9F483125-E86C-4532-9D09-FB7BEC59B85D}.Release|Any CPU.Build.0 = Release|Any CPU
		{77751135-2326-4551-808B-6D3A802E6BA5}.Debug|Any CPU.ActiveCfg = Debug|Any CPU
		{77751135-2326-4551-808B-6D3A802E6BA5}.Debug|Any CPU.Build.0 = Debug|Any CPU
		{77751135-2326-4551-808B-6D3A802E6BA5}.Release|Any CPU.ActiveCfg = Release|Any CPU
		{77751135-2326-4551-808B-6D3A802E6BA5}.Release|Any CPU.Build.0 = Release|Any CPU
		{C2914969-DF20-40D2-B551-E46EA1C4B4B2}.Debug|Any CPU.ActiveCfg = Debug|Any CPU
		{C2914969-DF20-40D2-B551-E46EA1C4B4B2}.Debug|Any CPU.Build.0 = Debug|Any CPU
		{C2914969-DF20-40D2-B551-E46EA1C4B4B2}.Release|Any CPU.ActiveCfg = Release|Any CPU
		{C2914969-DF20-40D2-B551-E46EA1C4B4B2}.Release|Any CPU.Build.0 = Release|Any CPU
	EndGlobalSection
	GlobalSection(SolutionProperties) = preSolution
		HideSolutionNode = FALSE
	EndGlobalSection
EndGlobal
